// !$*UTF8*$!
{
	archiveVersion = 1;
	classes = {
	};
	objectVersion = 52;
	objects = {

/* Begin PBXBuildFile section */
		5B36726024B25F0800FD3FCA /* RingView.swift in Sources */ = {isa = PBXBuildFile; fileRef = 5B36725F24B25F0800FD3FCA /* RingView.swift */; };
		5B36726324B26A4E00FD3FCA /* BottomSheetView.swift in Sources */ = {isa = PBXBuildFile; fileRef = 5B36726224B26A4E00FD3FCA /* BottomSheetView.swift */; };
		5B36726524B39DAC00FD3FCA /* HomeBottomSheet.swift in Sources */ = {isa = PBXBuildFile; fileRef = 5B36726424B39DAC00FD3FCA /* HomeBottomSheet.swift */; };
		5B37B8C324B6534800E3E619 /* HeaderComponent.swift in Sources */ = {isa = PBXBuildFile; fileRef = 5B37B8C224B6534800E3E619 /* HeaderComponent.swift */; };
		5B37B8C624B69ACC00E3E619 /* AdaptsToSoftwareKeyboard.swift in Sources */ = {isa = PBXBuildFile; fileRef = 5B37B8C524B69ACC00E3E619 /* AdaptsToSoftwareKeyboard.swift */; };
		5B37B8C824B69BE500E3E619 /* CustomTextField.swift in Sources */ = {isa = PBXBuildFile; fileRef = 5B37B8C724B69BE500E3E619 /* CustomTextField.swift */; };
		5B37B8CA24B6CEED00E3E619 /* KeyboardGuardian.swift in Sources */ = {isa = PBXBuildFile; fileRef = 5B37B8C924B6CEED00E3E619 /* KeyboardGuardian.swift */; };
		5B3DA15424A829590010A54D /* BlurRepresentable.swift in Sources */ = {isa = PBXBuildFile; fileRef = 5B3DA15324A829590010A54D /* BlurRepresentable.swift */; };
		5B3DA15924A833FE0010A54D /* MapRepresentable.swift in Sources */ = {isa = PBXBuildFile; fileRef = 5B3DA15824A833FE0010A54D /* MapRepresentable.swift */; };
		5B5415A724C1FC4B00C01816 /* Person.swift in Sources */ = {isa = PBXBuildFile; fileRef = 5B5415A624C1FC4B00C01816 /* Person.swift */; };
		5B5415A924C2883F00C01816 /* PersonNetworking.swift in Sources */ = {isa = PBXBuildFile; fileRef = 5B5415A824C2883F00C01816 /* PersonNetworking.swift */; };
		5B62BE6624C4A8F700A7B416 /* JsonDecoder.swift in Sources */ = {isa = PBXBuildFile; fileRef = 5B62BE6524C4A8F700A7B416 /* JsonDecoder.swift */; };
		5B62BE6A24C4D98000A7B416 /* Covid.swift in Sources */ = {isa = PBXBuildFile; fileRef = 5B62BE6924C4D98000A7B416 /* Covid.swift */; };
		5B62BE6C24C4DBDC00A7B416 /* CovidStore.swift in Sources */ = {isa = PBXBuildFile; fileRef = 5B62BE6B24C4DBDC00A7B416 /* CovidStore.swift */; };
		5B62BE6E24C5063E00A7B416 /* CovidNetworking.swift in Sources */ = {isa = PBXBuildFile; fileRef = 5B62BE6D24C5063E00A7B416 /* CovidNetworking.swift */; };
		5B63EAD024B3E90300EB421A /* CreateUser.swift in Sources */ = {isa = PBXBuildFile; fileRef = 5B63EACF24B3E90300EB421A /* CreateUser.swift */; };
		5B63EAD224B3E98400EB421A /* SegmentedProgressView.swift in Sources */ = {isa = PBXBuildFile; fileRef = 5B63EAD124B3E98400EB421A /* SegmentedProgressView.swift */; };
		5B645FF924C5CC2500D40576 /* BarCharts.swift in Sources */ = {isa = PBXBuildFile; fileRef = 5B645FF824C5CC2500D40576 /* BarCharts.swift */; };
		5B645FFD24C5F68300D40576 /* brazilHigh.svg in Resources */ = {isa = PBXBuildFile; fileRef = 5B645FFC24C5F68300D40576 /* brazilHigh.svg */; };
		5B65F68C24AE34F00049BA64 /* OnboardingOne.swift in Sources */ = {isa = PBXBuildFile; fileRef = 5B65F68B24AE34F00049BA64 /* OnboardingOne.swift */; };
		5B65F68E24AEA4DA0049BA64 /* OnboardingTwo.swift in Sources */ = {isa = PBXBuildFile; fileRef = 5B65F68D24AEA4DA0049BA64 /* OnboardingTwo.swift */; };
		5B65F69024AEA62B0049BA64 /* OnboardingThree.swift in Sources */ = {isa = PBXBuildFile; fileRef = 5B65F68F24AEA62B0049BA64 /* OnboardingThree.swift */; };
		5B65F69224AEC4040049BA64 /* RoundedCorners.swift in Sources */ = {isa = PBXBuildFile; fileRef = 5B65F69124AEC4040049BA64 /* RoundedCorners.swift */; };
		5B6AAABC24C1E1A70044739D /* LoadingView.swift in Sources */ = {isa = PBXBuildFile; fileRef = 5B6AAABA24C1E1A70044739D /* LoadingView.swift */; };
		5B6AAABD24C1E1A70044739D /* SuccessView.swift in Sources */ = {isa = PBXBuildFile; fileRef = 5B6AAABB24C1E1A70044739D /* SuccessView.swift */; };
		5B6AAABF24C1E1F50044739D /* LottieRepresentable.swift in Sources */ = {isa = PBXBuildFile; fileRef = 5B6AAABE24C1E1F50044739D /* LottieRepresentable.swift */; };
		5B6AAAC224C1E2730044739D /* Lottie in Frameworks */ = {isa = PBXBuildFile; productRef = 5B6AAAC124C1E2730044739D /* Lottie */; };
		5B710BBA24B795DE001BDA8B /* PersonStore.swift in Sources */ = {isa = PBXBuildFile; fileRef = 5B710BB924B795DE001BDA8B /* PersonStore.swift */; };
		5B710BBC24B822D1001BDA8B /* CreateUser+Extension.swift in Sources */ = {isa = PBXBuildFile; fileRef = 5B710BBB24B822D1001BDA8B /* CreateUser+Extension.swift */; };
		5B77BA9824CBCDE700CD9C85 /* loading.json in Resources */ = {isa = PBXBuildFile; fileRef = 5B77BA9624CBCDE700CD9C85 /* loading.json */; };
		5B77BA9924CBCDE700CD9C85 /* success.json in Resources */ = {isa = PBXBuildFile; fileRef = 5B77BA9724CBCDE700CD9C85 /* success.json */; };
		5B77BA9C24CBE47700CD9C85 /* Health.swift in Sources */ = {isa = PBXBuildFile; fileRef = 5B77BA9B24CBE47700CD9C85 /* Health.swift */; };
		5B77BA9F24CBE8C600CD9C85 /* HealthNetworking.swift in Sources */ = {isa = PBXBuildFile; fileRef = 5B77BA9E24CBE8C600CD9C85 /* HealthNetworking.swift */; };
		5B8182F924C1112300E0CE4C /* AskAboutGenre.swift in Sources */ = {isa = PBXBuildFile; fileRef = 5B8182F824C1112300E0CE4C /* AskAboutGenre.swift */; };
		5B8182FB24C1154100E0CE4C /* AskAboutLocation.swift in Sources */ = {isa = PBXBuildFile; fileRef = 5B8182FA24C1154100E0CE4C /* AskAboutLocation.swift */; };
		5B8182FD24C1157D00E0CE4C /* ContinueButton.swift in Sources */ = {isa = PBXBuildFile; fileRef = 5B8182FC24C1157D00E0CE4C /* ContinueButton.swift */; };
		5B8182FF24C1159D00E0CE4C /* ImageHeaderView.swift in Sources */ = {isa = PBXBuildFile; fileRef = 5B8182FE24C1159D00E0CE4C /* ImageHeaderView.swift */; };
		5B81830124C115CC00E0CE4C /* AdaptativeTextField.swift in Sources */ = {isa = PBXBuildFile; fileRef = 5B81830024C115CC00E0CE4C /* AdaptativeTextField.swift */; };
		5B8AAC7024CB522E00AACC32 /* HomeView+Extension.swift in Sources */ = {isa = PBXBuildFile; fileRef = 5B8AAC6F24CB522E00AACC32 /* HomeView+Extension.swift */; };
		5B968F5E24A053620020AB5D /* AppDelegate.swift in Sources */ = {isa = PBXBuildFile; fileRef = 5B968F5D24A053620020AB5D /* AppDelegate.swift */; };
		5B968F6024A053620020AB5D /* SceneDelegate.swift in Sources */ = {isa = PBXBuildFile; fileRef = 5B968F5F24A053620020AB5D /* SceneDelegate.swift */; };
		5B968F6224A053620020AB5D /* ContentView.swift in Sources */ = {isa = PBXBuildFile; fileRef = 5B968F6124A053620020AB5D /* ContentView.swift */; };
		5B968F6424A053680020AB5D /* Assets.xcassets in Resources */ = {isa = PBXBuildFile; fileRef = 5B968F6324A053680020AB5D /* Assets.xcassets */; };
		5B968F6724A053680020AB5D /* Preview Assets.xcassets in Resources */ = {isa = PBXBuildFile; fileRef = 5B968F6624A053680020AB5D /* Preview Assets.xcassets */; };
		5B968F6A24A053680020AB5D /* LaunchScreen.storyboard in Resources */ = {isa = PBXBuildFile; fileRef = 5B968F6824A053680020AB5D /* LaunchScreen.storyboard */; };
		5B968F7524A053680020AB5D /* life_trackingTests.swift in Sources */ = {isa = PBXBuildFile; fileRef = 5B968F7424A053680020AB5D /* life_trackingTests.swift */; };
		5B968F8024A053690020AB5D /* life_trackingUITests.swift in Sources */ = {isa = PBXBuildFile; fileRef = 5B968F7F24A053690020AB5D /* life_trackingUITests.swift */; };
		5B968F9624A0E1A70020AB5D /* ButtonCustomize.swift in Sources */ = {isa = PBXBuildFile; fileRef = 5B968F9524A0E1A70020AB5D /* ButtonCustomize.swift */; };
		5B968F9C24A0E8CC0020AB5D /* OnboardingView.swift in Sources */ = {isa = PBXBuildFile; fileRef = 5B968F9B24A0E8CC0020AB5D /* OnboardingView.swift */; };
		5B99106F24C13EAB00302834 /* LocationManager.swift in Sources */ = {isa = PBXBuildFile; fileRef = 5B99106E24C13EAB00302834 /* LocationManager.swift */; };
		5B99A91E24C9EDBB00987E07 /* PlaceLocation.swift in Sources */ = {isa = PBXBuildFile; fileRef = 5B99A91D24C9EDBB00987E07 /* PlaceLocation.swift */; };
		5B99A92124C9EE3500987E07 /* PlaceLocationAuth.swift in Sources */ = {isa = PBXBuildFile; fileRef = 5B99A92024C9EE3500987E07 /* PlaceLocationAuth.swift */; };
		5B99A92424C9F10200987E07 /* PlaceLocationNetworking.swift in Sources */ = {isa = PBXBuildFile; fileRef = 5B99A92324C9F10200987E07 /* PlaceLocationNetworking.swift */; };
		5BA8608D24CC89B70072334F /* HomeBottomView.swift in Sources */ = {isa = PBXBuildFile; fileRef = 5BA8608C24CC89B70072334F /* HomeBottomView.swift */; };
		5BA8608F24CC89E90072334F /* HeaderView.swift in Sources */ = {isa = PBXBuildFile; fileRef = 5BA8608E24CC89E90072334F /* HeaderView.swift */; };
		5BA8609B24CCFB830072334F /* City.swift in Sources */ = {isa = PBXBuildFile; fileRef = 5BA8609A24CCFB830072334F /* City.swift */; };
		5BA8609E24CCFBFF0072334F /* CitiesNetworking.swift in Sources */ = {isa = PBXBuildFile; fileRef = 5BA8609D24CCFBFF0072334F /* CitiesNetworking.swift */; };
		5BA860A024CCFD090072334F /* CityStore.swift in Sources */ = {isa = PBXBuildFile; fileRef = 5BA8609F24CCFD090072334F /* CityStore.swift */; };
		5BB6D95924A826E0009F2744 /* CardComponent.swift in Sources */ = {isa = PBXBuildFile; fileRef = 5BB6D95824A826E0009F2744 /* CardComponent.swift */; };
		5BE16C6A24B0135400E7CEB7 /* ViewRouter.swift in Sources */ = {isa = PBXBuildFile; fileRef = 5BE16C6924B0135400E7CEB7 /* ViewRouter.swift */; };
		5BE4FE0A24A0F89B001EB4D3 /* HomeView.swift in Sources */ = {isa = PBXBuildFile; fileRef = 5BE4FE0924A0F89B001EB4D3 /* HomeView.swift */; };
		5BE4FE0C24A14DAB001EB4D3 /* SearchComponent.swift in Sources */ = {isa = PBXBuildFile; fileRef = 5BE4FE0B24A14DAB001EB4D3 /* SearchComponent.swift */; };
		5BE4FE0E24A14DE6001EB4D3 /* AvatarComponent.swift in Sources */ = {isa = PBXBuildFile; fileRef = 5BE4FE0D24A14DE6001EB4D3 /* AvatarComponent.swift */; };
		5BF8223524C9347B005E6EF1 /* DataService.swift in Sources */ = {isa = PBXBuildFile; fileRef = 5BF8223424C9347B005E6EF1 /* DataService.swift */; };
		5BF8223724C9348C005E6EF1 /* Region.swift in Sources */ = {isa = PBXBuildFile; fileRef = 5BF8223624C9348C005E6EF1 /* Region.swift */; };
		5BF8223924C934BE005E6EF1 /* Coordinate.swift in Sources */ = {isa = PBXBuildFile; fileRef = 5BF8223824C934BE005E6EF1 /* Coordinate.swift */; };
		5BF8223B24C934E6005E6EF1 /* TimeSeries.swift in Sources */ = {isa = PBXBuildFile; fileRef = 5BF8223A24C934E6005E6EF1 /* TimeSeries.swift */; };
		5BF8223D24C93506005E6EF1 /* Statistic.swift in Sources */ = {isa = PBXBuildFile; fileRef = 5BF8223C24C93506005E6EF1 /* Statistic.swift */; };
		5BF8223F24C93539005E6EF1 /* Change.swift in Sources */ = {isa = PBXBuildFile; fileRef = 5BF8223E24C93539005E6EF1 /* Change.swift */; };
		5BF8224124C93594005E6EF1 /* Strings.swift in Sources */ = {isa = PBXBuildFile; fileRef = 5BF8224024C93594005E6EF1 /* Strings.swift */; };
		5BF8224324C935D0005E6EF1 /* Report.swift in Sources */ = {isa = PBXBuildFile; fileRef = 5BF8224224C935D0005E6EF1 /* Report.swift */; };
		5BF8224524C9360A005E6EF1 /* Extensions.swift in Sources */ = {isa = PBXBuildFile; fileRef = 5BF8224424C9360A005E6EF1 /* Extensions.swift */; };
		5BF8224724C93628005E6EF1 /* ISO-Country.swift in Sources */ = {isa = PBXBuildFile; fileRef = 5BF8224624C93628005E6EF1 /* ISO-Country.swift */; };
		5BF8224C24C936F6005E6EF1 /* BaseDataService.swift in Sources */ = {isa = PBXBuildFile; fileRef = 5BF8224B24C936F6005E6EF1 /* BaseDataService.swift */; };
		5BF8224F24C93745005E6EF1 /* BingDataService.swift in Sources */ = {isa = PBXBuildFile; fileRef = 5BF8224E24C93745005E6EF1 /* BingDataService.swift */; };
/* End PBXBuildFile section */

/* Begin PBXContainerItemProxy section */
		5B968F7124A053680020AB5D /* PBXContainerItemProxy */ = {
			isa = PBXContainerItemProxy;
			containerPortal = 5B968F5224A053620020AB5D /* Project object */;
			proxyType = 1;
			remoteGlobalIDString = 5B968F5924A053620020AB5D;
			remoteInfo = "life tracking";
		};
		5B968F7C24A053690020AB5D /* PBXContainerItemProxy */ = {
			isa = PBXContainerItemProxy;
			containerPortal = 5B968F5224A053620020AB5D /* Project object */;
			proxyType = 1;
			remoteGlobalIDString = 5B968F5924A053620020AB5D;
			remoteInfo = "life tracking";
		};
/* End PBXContainerItemProxy section */

/* Begin PBXFileReference section */
		5B36725F24B25F0800FD3FCA /* RingView.swift */ = {isa = PBXFileReference; lastKnownFileType = sourcecode.swift; path = RingView.swift; sourceTree = "<group>"; };
		5B36726224B26A4E00FD3FCA /* BottomSheetView.swift */ = {isa = PBXFileReference; lastKnownFileType = sourcecode.swift; path = BottomSheetView.swift; sourceTree = "<group>"; };
		5B36726424B39DAC00FD3FCA /* HomeBottomSheet.swift */ = {isa = PBXFileReference; lastKnownFileType = sourcecode.swift; path = HomeBottomSheet.swift; sourceTree = "<group>"; };
		5B37B8C224B6534800E3E619 /* HeaderComponent.swift */ = {isa = PBXFileReference; lastKnownFileType = sourcecode.swift; path = HeaderComponent.swift; sourceTree = "<group>"; };
		5B37B8C524B69ACC00E3E619 /* AdaptsToSoftwareKeyboard.swift */ = {isa = PBXFileReference; lastKnownFileType = sourcecode.swift; path = AdaptsToSoftwareKeyboard.swift; sourceTree = "<group>"; };
		5B37B8C724B69BE500E3E619 /* CustomTextField.swift */ = {isa = PBXFileReference; lastKnownFileType = sourcecode.swift; path = CustomTextField.swift; sourceTree = "<group>"; };
		5B37B8C924B6CEED00E3E619 /* KeyboardGuardian.swift */ = {isa = PBXFileReference; lastKnownFileType = sourcecode.swift; path = KeyboardGuardian.swift; sourceTree = "<group>"; };
		5B3DA15324A829590010A54D /* BlurRepresentable.swift */ = {isa = PBXFileReference; lastKnownFileType = sourcecode.swift; path = BlurRepresentable.swift; sourceTree = "<group>"; };
		5B3DA15824A833FE0010A54D /* MapRepresentable.swift */ = {isa = PBXFileReference; lastKnownFileType = sourcecode.swift; path = MapRepresentable.swift; sourceTree = "<group>"; };
		5B5415A624C1FC4B00C01816 /* Person.swift */ = {isa = PBXFileReference; lastKnownFileType = sourcecode.swift; path = Person.swift; sourceTree = "<group>"; };
		5B5415A824C2883F00C01816 /* PersonNetworking.swift */ = {isa = PBXFileReference; lastKnownFileType = sourcecode.swift; name = PersonNetworking.swift; path = "life tracking/Networking/Person/PersonNetworking.swift"; sourceTree = SOURCE_ROOT; };
		5B62BE6524C4A8F700A7B416 /* JsonDecoder.swift */ = {isa = PBXFileReference; lastKnownFileType = sourcecode.swift; name = JsonDecoder.swift; path = "life tracking/Data/JsonDecoder.swift"; sourceTree = SOURCE_ROOT; };
		5B62BE6924C4D98000A7B416 /* Covid.swift */ = {isa = PBXFileReference; lastKnownFileType = sourcecode.swift; path = Covid.swift; sourceTree = "<group>"; };
		5B62BE6B24C4DBDC00A7B416 /* CovidStore.swift */ = {isa = PBXFileReference; lastKnownFileType = sourcecode.swift; path = CovidStore.swift; sourceTree = "<group>"; };
		5B62BE6D24C5063E00A7B416 /* CovidNetworking.swift */ = {isa = PBXFileReference; lastKnownFileType = sourcecode.swift; name = CovidNetworking.swift; path = "life tracking/Networking/Batch Covid Brazil/CovidNetworking.swift"; sourceTree = SOURCE_ROOT; };
		5B63EACF24B3E90300EB421A /* CreateUser.swift */ = {isa = PBXFileReference; lastKnownFileType = sourcecode.swift; path = CreateUser.swift; sourceTree = "<group>"; };
		5B63EAD124B3E98400EB421A /* SegmentedProgressView.swift */ = {isa = PBXFileReference; lastKnownFileType = sourcecode.swift; path = SegmentedProgressView.swift; sourceTree = "<group>"; };
		5B645FF824C5CC2500D40576 /* BarCharts.swift */ = {isa = PBXFileReference; lastKnownFileType = sourcecode.swift; name = BarCharts.swift; path = "life tracking/Store/BarCharts.swift"; sourceTree = SOURCE_ROOT; };
		5B645FFC24C5F68300D40576 /* brazilHigh.svg */ = {isa = PBXFileReference; fileEncoding = 4; lastKnownFileType = text.xml; path = brazilHigh.svg; sourceTree = "<group>"; };
		5B65F68B24AE34F00049BA64 /* OnboardingOne.swift */ = {isa = PBXFileReference; lastKnownFileType = sourcecode.swift; path = OnboardingOne.swift; sourceTree = "<group>"; };
		5B65F68D24AEA4DA0049BA64 /* OnboardingTwo.swift */ = {isa = PBXFileReference; lastKnownFileType = sourcecode.swift; path = OnboardingTwo.swift; sourceTree = "<group>"; };
		5B65F68F24AEA62B0049BA64 /* OnboardingThree.swift */ = {isa = PBXFileReference; lastKnownFileType = sourcecode.swift; path = OnboardingThree.swift; sourceTree = "<group>"; };
		5B65F69124AEC4040049BA64 /* RoundedCorners.swift */ = {isa = PBXFileReference; lastKnownFileType = sourcecode.swift; path = RoundedCorners.swift; sourceTree = "<group>"; };
		5B6AAABA24C1E1A70044739D /* LoadingView.swift */ = {isa = PBXFileReference; fileEncoding = 4; lastKnownFileType = sourcecode.swift; path = LoadingView.swift; sourceTree = "<group>"; };
		5B6AAABB24C1E1A70044739D /* SuccessView.swift */ = {isa = PBXFileReference; fileEncoding = 4; lastKnownFileType = sourcecode.swift; path = SuccessView.swift; sourceTree = "<group>"; };
		5B6AAABE24C1E1F50044739D /* LottieRepresentable.swift */ = {isa = PBXFileReference; fileEncoding = 4; lastKnownFileType = sourcecode.swift; path = LottieRepresentable.swift; sourceTree = "<group>"; };
		5B710BB924B795DE001BDA8B /* PersonStore.swift */ = {isa = PBXFileReference; lastKnownFileType = sourcecode.swift; path = PersonStore.swift; sourceTree = "<group>"; };
		5B710BBB24B822D1001BDA8B /* CreateUser+Extension.swift */ = {isa = PBXFileReference; lastKnownFileType = sourcecode.swift; path = "CreateUser+Extension.swift"; sourceTree = "<group>"; };
		5B77BA9624CBCDE700CD9C85 /* loading.json */ = {isa = PBXFileReference; fileEncoding = 4; lastKnownFileType = text.json; path = loading.json; sourceTree = "<group>"; };
		5B77BA9724CBCDE700CD9C85 /* success.json */ = {isa = PBXFileReference; fileEncoding = 4; lastKnownFileType = text.json; path = success.json; sourceTree = "<group>"; };
		5B77BA9B24CBE47700CD9C85 /* Health.swift */ = {isa = PBXFileReference; lastKnownFileType = sourcecode.swift; path = Health.swift; sourceTree = "<group>"; };
		5B77BA9E24CBE8C600CD9C85 /* HealthNetworking.swift */ = {isa = PBXFileReference; lastKnownFileType = sourcecode.swift; path = HealthNetworking.swift; sourceTree = "<group>"; };
		5B8182F824C1112300E0CE4C /* AskAboutGenre.swift */ = {isa = PBXFileReference; lastKnownFileType = sourcecode.swift; path = AskAboutGenre.swift; sourceTree = "<group>"; };
		5B8182FA24C1154100E0CE4C /* AskAboutLocation.swift */ = {isa = PBXFileReference; lastKnownFileType = sourcecode.swift; path = AskAboutLocation.swift; sourceTree = "<group>"; };
		5B8182FC24C1157D00E0CE4C /* ContinueButton.swift */ = {isa = PBXFileReference; lastKnownFileType = sourcecode.swift; path = ContinueButton.swift; sourceTree = "<group>"; };
		5B8182FE24C1159D00E0CE4C /* ImageHeaderView.swift */ = {isa = PBXFileReference; lastKnownFileType = sourcecode.swift; path = ImageHeaderView.swift; sourceTree = "<group>"; };
		5B81830024C115CC00E0CE4C /* AdaptativeTextField.swift */ = {isa = PBXFileReference; lastKnownFileType = sourcecode.swift; path = AdaptativeTextField.swift; sourceTree = "<group>"; };
		5B8AAC6F24CB522E00AACC32 /* HomeView+Extension.swift */ = {isa = PBXFileReference; lastKnownFileType = sourcecode.swift; path = "HomeView+Extension.swift"; sourceTree = "<group>"; };
		5B968F5A24A053620020AB5D /* life tracking.app */ = {isa = PBXFileReference; explicitFileType = wrapper.application; includeInIndex = 0; path = "life tracking.app"; sourceTree = BUILT_PRODUCTS_DIR; };
		5B968F5D24A053620020AB5D /* AppDelegate.swift */ = {isa = PBXFileReference; lastKnownFileType = sourcecode.swift; path = AppDelegate.swift; sourceTree = "<group>"; };
		5B968F5F24A053620020AB5D /* SceneDelegate.swift */ = {isa = PBXFileReference; lastKnownFileType = sourcecode.swift; path = SceneDelegate.swift; sourceTree = "<group>"; };
		5B968F6124A053620020AB5D /* ContentView.swift */ = {isa = PBXFileReference; lastKnownFileType = sourcecode.swift; path = ContentView.swift; sourceTree = "<group>"; };
		5B968F6324A053680020AB5D /* Assets.xcassets */ = {isa = PBXFileReference; lastKnownFileType = folder.assetcatalog; path = Assets.xcassets; sourceTree = "<group>"; };
		5B968F6624A053680020AB5D /* Preview Assets.xcassets */ = {isa = PBXFileReference; lastKnownFileType = folder.assetcatalog; path = "Preview Assets.xcassets"; sourceTree = "<group>"; };
		5B968F6924A053680020AB5D /* Base */ = {isa = PBXFileReference; lastKnownFileType = file.storyboard; name = Base; path = Base.lproj/LaunchScreen.storyboard; sourceTree = "<group>"; };
		5B968F6B24A053680020AB5D /* Info.plist */ = {isa = PBXFileReference; lastKnownFileType = text.plist.xml; path = Info.plist; sourceTree = "<group>"; };
		5B968F7024A053680020AB5D /* life trackingTests.xctest */ = {isa = PBXFileReference; explicitFileType = wrapper.cfbundle; includeInIndex = 0; path = "life trackingTests.xctest"; sourceTree = BUILT_PRODUCTS_DIR; };
		5B968F7424A053680020AB5D /* life_trackingTests.swift */ = {isa = PBXFileReference; lastKnownFileType = sourcecode.swift; path = life_trackingTests.swift; sourceTree = "<group>"; };
		5B968F7624A053680020AB5D /* Info.plist */ = {isa = PBXFileReference; lastKnownFileType = text.plist.xml; path = Info.plist; sourceTree = "<group>"; };
		5B968F7B24A053690020AB5D /* life trackingUITests.xctest */ = {isa = PBXFileReference; explicitFileType = wrapper.cfbundle; includeInIndex = 0; path = "life trackingUITests.xctest"; sourceTree = BUILT_PRODUCTS_DIR; };
		5B968F7F24A053690020AB5D /* life_trackingUITests.swift */ = {isa = PBXFileReference; lastKnownFileType = sourcecode.swift; path = life_trackingUITests.swift; sourceTree = "<group>"; };
		5B968F8124A053690020AB5D /* Info.plist */ = {isa = PBXFileReference; lastKnownFileType = text.plist.xml; path = Info.plist; sourceTree = "<group>"; };
		5B968F9524A0E1A70020AB5D /* ButtonCustomize.swift */ = {isa = PBXFileReference; lastKnownFileType = sourcecode.swift; path = ButtonCustomize.swift; sourceTree = "<group>"; };
		5B968F9B24A0E8CC0020AB5D /* OnboardingView.swift */ = {isa = PBXFileReference; lastKnownFileType = sourcecode.swift; path = OnboardingView.swift; sourceTree = "<group>"; };
		5B99106E24C13EAB00302834 /* LocationManager.swift */ = {isa = PBXFileReference; lastKnownFileType = sourcecode.swift; path = LocationManager.swift; sourceTree = "<group>"; };
		5B99A91D24C9EDBB00987E07 /* PlaceLocation.swift */ = {isa = PBXFileReference; lastKnownFileType = sourcecode.swift; path = PlaceLocation.swift; sourceTree = "<group>"; };
		5B99A92024C9EE3500987E07 /* PlaceLocationAuth.swift */ = {isa = PBXFileReference; lastKnownFileType = sourcecode.swift; path = PlaceLocationAuth.swift; sourceTree = "<group>"; };
		5B99A92324C9F10200987E07 /* PlaceLocationNetworking.swift */ = {isa = PBXFileReference; lastKnownFileType = sourcecode.swift; path = PlaceLocationNetworking.swift; sourceTree = "<group>"; };
		5BA8608C24CC89B70072334F /* HomeBottomView.swift */ = {isa = PBXFileReference; lastKnownFileType = sourcecode.swift; path = HomeBottomView.swift; sourceTree = "<group>"; };
		5BA8608E24CC89E90072334F /* HeaderView.swift */ = {isa = PBXFileReference; lastKnownFileType = sourcecode.swift; path = HeaderView.swift; sourceTree = "<group>"; };
		5BA8609A24CCFB830072334F /* City.swift */ = {isa = PBXFileReference; lastKnownFileType = sourcecode.swift; path = City.swift; sourceTree = "<group>"; };
		5BA8609D24CCFBFF0072334F /* CitiesNetworking.swift */ = {isa = PBXFileReference; lastKnownFileType = sourcecode.swift; path = CitiesNetworking.swift; sourceTree = "<group>"; };
		5BA8609F24CCFD090072334F /* CityStore.swift */ = {isa = PBXFileReference; lastKnownFileType = sourcecode.swift; path = CityStore.swift; sourceTree = "<group>"; };
		5BB6D95824A826E0009F2744 /* CardComponent.swift */ = {isa = PBXFileReference; lastKnownFileType = sourcecode.swift; path = CardComponent.swift; sourceTree = "<group>"; };
		5BE16C6924B0135400E7CEB7 /* ViewRouter.swift */ = {isa = PBXFileReference; lastKnownFileType = sourcecode.swift; path = ViewRouter.swift; sourceTree = "<group>"; };
		5BE4FE0924A0F89B001EB4D3 /* HomeView.swift */ = {isa = PBXFileReference; lastKnownFileType = sourcecode.swift; path = HomeView.swift; sourceTree = "<group>"; };
		5BE4FE0B24A14DAB001EB4D3 /* SearchComponent.swift */ = {isa = PBXFileReference; lastKnownFileType = sourcecode.swift; path = SearchComponent.swift; sourceTree = "<group>"; };
		5BE4FE0D24A14DE6001EB4D3 /* AvatarComponent.swift */ = {isa = PBXFileReference; lastKnownFileType = sourcecode.swift; path = AvatarComponent.swift; sourceTree = "<group>"; };
		5BF8223424C9347B005E6EF1 /* DataService.swift */ = {isa = PBXFileReference; lastKnownFileType = sourcecode.swift; name = DataService.swift; path = "life tracking/Networking/Configuration/DataService.swift"; sourceTree = SOURCE_ROOT; };
		5BF8223624C9348C005E6EF1 /* Region.swift */ = {isa = PBXFileReference; lastKnownFileType = sourcecode.swift; path = Region.swift; sourceTree = "<group>"; };
		5BF8223824C934BE005E6EF1 /* Coordinate.swift */ = {isa = PBXFileReference; lastKnownFileType = sourcecode.swift; path = Coordinate.swift; sourceTree = "<group>"; };
		5BF8223A24C934E6005E6EF1 /* TimeSeries.swift */ = {isa = PBXFileReference; lastKnownFileType = sourcecode.swift; path = TimeSeries.swift; sourceTree = "<group>"; };
		5BF8223C24C93506005E6EF1 /* Statistic.swift */ = {isa = PBXFileReference; lastKnownFileType = sourcecode.swift; path = Statistic.swift; sourceTree = "<group>"; };
		5BF8223E24C93539005E6EF1 /* Change.swift */ = {isa = PBXFileReference; lastKnownFileType = sourcecode.swift; path = Change.swift; sourceTree = "<group>"; };
		5BF8224024C93594005E6EF1 /* Strings.swift */ = {isa = PBXFileReference; lastKnownFileType = sourcecode.swift; name = Strings.swift; path = "life tracking/Models/Strings.swift"; sourceTree = SOURCE_ROOT; };
		5BF8224224C935D0005E6EF1 /* Report.swift */ = {isa = PBXFileReference; lastKnownFileType = sourcecode.swift; path = Report.swift; sourceTree = "<group>"; };
		5BF8224424C9360A005E6EF1 /* Extensions.swift */ = {isa = PBXFileReference; lastKnownFileType = sourcecode.swift; name = Extensions.swift; path = "life tracking/Models/Extensions.swift"; sourceTree = SOURCE_ROOT; };
		5BF8224624C93628005E6EF1 /* ISO-Country.swift */ = {isa = PBXFileReference; lastKnownFileType = sourcecode.swift; name = "ISO-Country.swift"; path = "life tracking/Models/ISO-Country.swift"; sourceTree = SOURCE_ROOT; };
		5BF8224B24C936F6005E6EF1 /* BaseDataService.swift */ = {isa = PBXFileReference; lastKnownFileType = sourcecode.swift; name = BaseDataService.swift; path = "life tracking/Networking/Configuration/BaseDataService.swift"; sourceTree = SOURCE_ROOT; };
		5BF8224E24C93745005E6EF1 /* BingDataService.swift */ = {isa = PBXFileReference; lastKnownFileType = sourcecode.swift; path = BingDataService.swift; sourceTree = "<group>"; };
/* End PBXFileReference section */

/* Begin PBXFrameworksBuildPhase section */
		5B968F5724A053620020AB5D /* Frameworks */ = {
			isa = PBXFrameworksBuildPhase;
			buildActionMask = 2147483647;
			files = (
				5B6AAAC224C1E2730044739D /* Lottie in Frameworks */,
			);
			runOnlyForDeploymentPostprocessing = 0;
		};
		5B968F6D24A053680020AB5D /* Frameworks */ = {
			isa = PBXFrameworksBuildPhase;
			buildActionMask = 2147483647;
			files = (
			);
			runOnlyForDeploymentPostprocessing = 0;
		};
		5B968F7824A053690020AB5D /* Frameworks */ = {
			isa = PBXFrameworksBuildPhase;
			buildActionMask = 2147483647;
			files = (
			);
			runOnlyForDeploymentPostprocessing = 0;
		};
/* End PBXFrameworksBuildPhase section */

/* Begin PBXGroup section */
		5B05BDBE24A8D79800A8B004 /* Charts */ = {
			isa = PBXGroup;
			children = (
				5B36726124B25F1E00FD3FCA /* Ring */,
				5B05BDBF24A8D95100A8B004 /* Bar */,
			);
			path = Charts;
			sourceTree = "<group>";
		};
		5B05BDBF24A8D95100A8B004 /* Bar */ = {
			isa = PBXGroup;
			children = (
				5B645FF824C5CC2500D40576 /* BarCharts.swift */,
			);
			path = Bar;
			sourceTree = "<group>";
		};
		5B05BDC024A8D98000A8B004 /* Helpers */ = {
			isa = PBXGroup;
			children = (
			);
			path = Helpers;
			sourceTree = "<group>";
		};
		5B36726124B25F1E00FD3FCA /* Ring */ = {
			isa = PBXGroup;
			children = (
				5B36725F24B25F0800FD3FCA /* RingView.swift */,
			);
			path = Ring;
			sourceTree = "<group>";
		};
		5B37B8C424B69A6800E3E619 /* Modifier */ = {
			isa = PBXGroup;
			children = (
				5B37B8C524B69ACC00E3E619 /* AdaptsToSoftwareKeyboard.swift */,
			);
			path = Modifier;
			sourceTree = "<group>";
		};
		5B3DA15224A829390010A54D /* Representables */ = {
			isa = PBXGroup;
			children = (
				5B6AAABE24C1E1F50044739D /* LottieRepresentable.swift */,
				5B3DA15324A829590010A54D /* BlurRepresentable.swift */,
				5B3DA15824A833FE0010A54D /* MapRepresentable.swift */,
				5B37B8C724B69BE500E3E619 /* CustomTextField.swift */,
			);
			path = Representables;
			sourceTree = "<group>";
		};
		5B62BE6724C4BBB800A7B416 /* Create */ = {
			isa = PBXGroup;
			children = (
				5B81830224C115E500E0CE4C /* Components */,
				5B63EACF24B3E90300EB421A /* CreateUser.swift */,
				5B710BBB24B822D1001BDA8B /* CreateUser+Extension.swift */,
			);
			path = Create;
			sourceTree = "<group>";
		};
		5B62BE6824C4BBCA00A7B416 /* Show */ = {
			isa = PBXGroup;
			children = (
			);
			path = Show;
			sourceTree = "<group>";
		};
		5B63EACE24B3E8EF00EB421A /* User */ = {
			isa = PBXGroup;
			children = (
				5B62BE6824C4BBCA00A7B416 /* Show */,
				5B62BE6724C4BBB800A7B416 /* Create */,
			);
			path = User;
			sourceTree = "<group>";
		};
		5B645FFA24C5F65A00D40576 /* SVG */ = {
			isa = PBXGroup;
			children = (
			);
			path = SVG;
			sourceTree = "<group>";
		};
		5B645FFB24C5F67900D40576 /* SVG */ = {
			isa = PBXGroup;
			children = (
				5B645FFC24C5F68300D40576 /* brazilHigh.svg */,
			);
			path = SVG;
			sourceTree = "<group>";
		};
		5B6AAAB924C1E1840044739D /* Animations */ = {
			isa = PBXGroup;
			children = (
				5B6AAABA24C1E1A70044739D /* LoadingView.swift */,
				5B6AAABB24C1E1A70044739D /* SuccessView.swift */,
			);
			path = Animations;
			sourceTree = "<group>";
		};
		5B77BA9524CBCDBE00CD9C85 /* Lottie */ = {
			isa = PBXGroup;
			children = (
				5B77BA9624CBCDE700CD9C85 /* loading.json */,
				5B77BA9724CBCDE700CD9C85 /* success.json */,
			);
			path = Lottie;
			sourceTree = "<group>";
		};
		5B77BA9A24CBE46500CD9C85 /* Health */ = {
			isa = PBXGroup;
			children = (
				5B77BA9B24CBE47700CD9C85 /* Health.swift */,
			);
			path = Health;
			sourceTree = "<group>";
		};
		5B77BA9D24CBE8B200CD9C85 /* Health */ = {
			isa = PBXGroup;
			children = (
				5B77BA9E24CBE8C600CD9C85 /* HealthNetworking.swift */,
			);
			path = Health;
			sourceTree = "<group>";
		};
		5B81830224C115E500E0CE4C /* Components */ = {
			isa = PBXGroup;
			children = (
				5B8182F824C1112300E0CE4C /* AskAboutGenre.swift */,
				5B8182FA24C1154100E0CE4C /* AskAboutLocation.swift */,
				5B8182FC24C1157D00E0CE4C /* ContinueButton.swift */,
				5B8182FE24C1159D00E0CE4C /* ImageHeaderView.swift */,
				5B81830024C115CC00E0CE4C /* AdaptativeTextField.swift */,
			);
			path = Components;
			sourceTree = "<group>";
		};
		5B8AAC7124CB525B00AACC32 /* Extension */ = {
			isa = PBXGroup;
			children = (
				5B8AAC6F24CB522E00AACC32 /* HomeView+Extension.swift */,
			);
			path = Extension;
			sourceTree = "<group>";
		};
		5B8AAC7224CB533000AACC32 /* Components */ = {
			isa = PBXGroup;
			children = (
				5B36726424B39DAC00FD3FCA /* HomeBottomSheet.swift */,
				5B37B8C224B6534800E3E619 /* HeaderComponent.swift */,
			);
			path = Components;
			sourceTree = "<group>";
		};
		5B968F5124A053620020AB5D = {
			isa = PBXGroup;
			children = (
				5B968F5C24A053620020AB5D /* life tracking */,
				5B968F7324A053680020AB5D /* life trackingTests */,
				5B968F7E24A053690020AB5D /* life trackingUITests */,
				5B968F5B24A053620020AB5D /* Products */,
			);
			sourceTree = "<group>";
		};
		5B968F5B24A053620020AB5D /* Products */ = {
			isa = PBXGroup;
			children = (
				5B968F5A24A053620020AB5D /* life tracking.app */,
				5B968F7024A053680020AB5D /* life trackingTests.xctest */,
				5B968F7B24A053690020AB5D /* life trackingUITests.xctest */,
			);
			name = Products;
			sourceTree = "<group>";
		};
		5B968F5C24A053620020AB5D /* life tracking */ = {
			isa = PBXGroup;
			children = (
				5B77BA9524CBCDBE00CD9C85 /* Lottie */,
				5B645FFB24C5F67900D40576 /* SVG */,
				5B9BE24624C359F1009A30B9 /* Router */,
				5B9BE24124C33FA9009A30B9 /* Core */,
				5B05BDC024A8D98000A8B004 /* Helpers */,
				5B968F9424A0E10E0020AB5D /* Mockups */,
				5B968F9324A0E0FE0020AB5D /* Models */,
				5B968F9124A0E0B40020AB5D /* Utils */,
				5B968F9024A0E0A20020AB5D /* Networking */,
				5B968F8F24A0E09B0020AB5D /* Store */,
				5B968F8E24A0E0900020AB5D /* Views */,
				5B968F8D24A0E0530020AB5D /* Layout */,
				5B968F5D24A053620020AB5D /* AppDelegate.swift */,
				5B968F5F24A053620020AB5D /* SceneDelegate.swift */,
				5B968F6124A053620020AB5D /* ContentView.swift */,
				5B968F6324A053680020AB5D /* Assets.xcassets */,
				5B968F6824A053680020AB5D /* LaunchScreen.storyboard */,
				5B968F6B24A053680020AB5D /* Info.plist */,
				5B968F6524A053680020AB5D /* Preview Content */,
			);
			path = "life tracking";
			sourceTree = "<group>";
		};
		5B968F6524A053680020AB5D /* Preview Content */ = {
			isa = PBXGroup;
			children = (
				5B968F6624A053680020AB5D /* Preview Assets.xcassets */,
			);
			path = "Preview Content";
			sourceTree = "<group>";
		};
		5B968F7324A053680020AB5D /* life trackingTests */ = {
			isa = PBXGroup;
			children = (
				5B968F7424A053680020AB5D /* life_trackingTests.swift */,
				5B968F7624A053680020AB5D /* Info.plist */,
			);
			path = "life trackingTests";
			sourceTree = "<group>";
		};
		5B968F7E24A053690020AB5D /* life trackingUITests */ = {
			isa = PBXGroup;
			children = (
				5B968F7F24A053690020AB5D /* life_trackingUITests.swift */,
				5B968F8124A053690020AB5D /* Info.plist */,
			);
			path = "life trackingUITests";
			sourceTree = "<group>";
		};
		5B968F8D24A0E0530020AB5D /* Layout */ = {
			isa = PBXGroup;
			children = (
				5B645FFA24C5F65A00D40576 /* SVG */,
				5B6AAAB924C1E1840044739D /* Animations */,
				5B37B8C424B69A6800E3E619 /* Modifier */,
				5B05BDBE24A8D79800A8B004 /* Charts */,
				5B3DA15224A829390010A54D /* Representables */,
				5B968F9224A0E0D20020AB5D /* Components */,
			);
			path = Layout;
			sourceTree = "<group>";
		};
		5B968F8E24A0E0900020AB5D /* Views */ = {
			isa = PBXGroup;
			children = (
				5B63EACE24B3E8EF00EB421A /* User */,
				5BE4FE0824A0F884001EB4D3 /* Home */,
				5B968F9A24A0E8BA0020AB5D /* Onboarding */,
			);
			path = Views;
			sourceTree = "<group>";
		};
		5B968F8F24A0E09B0020AB5D /* Store */ = {
			isa = PBXGroup;
			children = (
				5B710BB924B795DE001BDA8B /* PersonStore.swift */,
				5B62BE6B24C4DBDC00A7B416 /* CovidStore.swift */,
				5BA8609F24CCFD090072334F /* CityStore.swift */,
			);
			path = Store;
			sourceTree = "<group>";
		};
		5B968F9024A0E0A20020AB5D /* Networking */ = {
			isa = PBXGroup;
			children = (
				5BA8609C24CCFBDC0072334F /* Cities */,
				5B99A92524C9F10F00987E07 /* Person */,
				5B77BA9D24CBE8B200CD9C85 /* Health */,
				5B99A92724C9F12E00987E07 /* Batch Covid Brazil */,
				5B99A92624C9F11B00987E07 /* Bing Covid */,
				5B99A92224C9F0DE00987E07 /* Place Location */,
				5BF8224D24C936F9005E6EF1 /* Configuration */,
			);
			path = Networking;
			sourceTree = "<group>";
		};
		5B968F9124A0E0B40020AB5D /* Utils */ = {
			isa = PBXGroup;
			children = (
				5B62BE6524C4A8F700A7B416 /* JsonDecoder.swift */,
				5BF8224024C93594005E6EF1 /* Strings.swift */,
				5BF8224424C9360A005E6EF1 /* Extensions.swift */,
				5BF8224624C93628005E6EF1 /* ISO-Country.swift */,
			);
			path = Utils;
			sourceTree = "<group>";
		};
		5B968F9224A0E0D20020AB5D /* Components */ = {
			isa = PBXGroup;
			children = (
				5B968F9524A0E1A70020AB5D /* ButtonCustomize.swift */,
				5BE4FE0B24A14DAB001EB4D3 /* SearchComponent.swift */,
				5BE4FE0D24A14DE6001EB4D3 /* AvatarComponent.swift */,
				5BB6D95824A826E0009F2744 /* CardComponent.swift */,
				5B65F69124AEC4040049BA64 /* RoundedCorners.swift */,
				5B36726224B26A4E00FD3FCA /* BottomSheetView.swift */,
				5B63EAD124B3E98400EB421A /* SegmentedProgressView.swift */,
			);
			path = Components;
			sourceTree = "<group>";
		};
		5B968F9324A0E0FE0020AB5D /* Models */ = {
			isa = PBXGroup;
			children = (
				5BA8609924CCFB6B0072334F /* Cities */,
				5B77BA9A24CBE46500CD9C85 /* Health */,
				5B99A91F24C9EDD100987E07 /* Place Location */,
				5BF8224A24C936CA005E6EF1 /* Covid Batch */,
				5BF8224924C936AE005E6EF1 /* Person */,
				5BF8224824C93688005E6EF1 /* Covid Tracking */,
			);
			path = Models;
			sourceTree = "<group>";
		};
		5B968F9424A0E10E0020AB5D /* Mockups */ = {
			isa = PBXGroup;
			children = (
			);
			path = Mockups;
			sourceTree = "<group>";
		};
		5B968F9A24A0E8BA0020AB5D /* Onboarding */ = {
			isa = PBXGroup;
			children = (
				5B968F9B24A0E8CC0020AB5D /* OnboardingView.swift */,
				5B65F68B24AE34F00049BA64 /* OnboardingOne.swift */,
				5B65F68D24AEA4DA0049BA64 /* OnboardingTwo.swift */,
				5B65F68F24AEA62B0049BA64 /* OnboardingThree.swift */,
			);
			path = Onboarding;
			sourceTree = "<group>";
		};
		5B99A91F24C9EDD100987E07 /* Place Location */ = {
			isa = PBXGroup;
			children = (
				5B99A91D24C9EDBB00987E07 /* PlaceLocation.swift */,
				5B99A92024C9EE3500987E07 /* PlaceLocationAuth.swift */,
			);
			path = "Place Location";
			sourceTree = "<group>";
		};
		5B99A92224C9F0DE00987E07 /* Place Location */ = {
			isa = PBXGroup;
			children = (
				5B99A92324C9F10200987E07 /* PlaceLocationNetworking.swift */,
			);
			path = "Place Location";
			sourceTree = "<group>";
		};
		5B99A92524C9F10F00987E07 /* Person */ = {
			isa = PBXGroup;
			children = (
				5B5415A824C2883F00C01816 /* PersonNetworking.swift */,
			);
			path = Person;
			sourceTree = "<group>";
		};
		5B99A92624C9F11B00987E07 /* Bing Covid */ = {
			isa = PBXGroup;
			children = (
				5BF8224E24C93745005E6EF1 /* BingDataService.swift */,
			);
			path = "Bing Covid";
			sourceTree = "<group>";
		};
		5B99A92724C9F12E00987E07 /* Batch Covid Brazil */ = {
			isa = PBXGroup;
			children = (
				5B62BE6D24C5063E00A7B416 /* CovidNetworking.swift */,
			);
			path = "Batch Covid Brazil";
			sourceTree = "<group>";
		};
		5B9BE24124C33FA9009A30B9 /* Core */ = {
			isa = PBXGroup;
			children = (
				5B37B8C924B6CEED00E3E619 /* KeyboardGuardian.swift */,
				5B99106E24C13EAB00302834 /* LocationManager.swift */,
			);
			path = Core;
			sourceTree = "<group>";
		};
		5B9BE24624C359F1009A30B9 /* Router */ = {
			isa = PBXGroup;
			children = (
				5BE16C6924B0135400E7CEB7 /* ViewRouter.swift */,
			);
			path = Router;
			sourceTree = "<group>";
		};
		5BA8608B24CC89A50072334F /* Sub Views */ = {
			isa = PBXGroup;
			children = (
				5BA8608C24CC89B70072334F /* HomeBottomView.swift */,
				5BA8608E24CC89E90072334F /* HeaderView.swift */,
			);
			path = "Sub Views";
			sourceTree = "<group>";
		};
		5BA8609924CCFB6B0072334F /* Cities */ = {
			isa = PBXGroup;
			children = (
				5BA8609A24CCFB830072334F /* City.swift */,
			);
			path = Cities;
			sourceTree = "<group>";
		};
		5BA8609C24CCFBDC0072334F /* Cities */ = {
			isa = PBXGroup;
			children = (
				5BA8609D24CCFBFF0072334F /* CitiesNetworking.swift */,
			);
			path = Cities;
			sourceTree = "<group>";
		};
		5BE4FE0824A0F884001EB4D3 /* Home */ = {
			isa = PBXGroup;
			children = (
				5BA8608B24CC89A50072334F /* Sub Views */,
				5B8AAC7224CB533000AACC32 /* Components */,
				5B8AAC7124CB525B00AACC32 /* Extension */,
				5BE4FE0924A0F89B001EB4D3 /* HomeView.swift */,
			);
			path = Home;
			sourceTree = "<group>";
		};
		5BF8224824C93688005E6EF1 /* Covid Tracking */ = {
			isa = PBXGroup;
			children = (
				5BF8223624C9348C005E6EF1 /* Region.swift */,
				5BF8223824C934BE005E6EF1 /* Coordinate.swift */,
				5BF8223A24C934E6005E6EF1 /* TimeSeries.swift */,
				5BF8223C24C93506005E6EF1 /* Statistic.swift */,
				5BF8223E24C93539005E6EF1 /* Change.swift */,
				5BF8224224C935D0005E6EF1 /* Report.swift */,
			);
			path = "Covid Tracking";
			sourceTree = "<group>";
		};
		5BF8224924C936AE005E6EF1 /* Person */ = {
			isa = PBXGroup;
			children = (
				5B5415A624C1FC4B00C01816 /* Person.swift */,
			);
			path = Person;
			sourceTree = "<group>";
		};
		5BF8224A24C936CA005E6EF1 /* Covid Batch */ = {
			isa = PBXGroup;
			children = (
				5B62BE6924C4D98000A7B416 /* Covid.swift */,
			);
			path = "Covid Batch";
			sourceTree = "<group>";
		};
		5BF8224D24C936F9005E6EF1 /* Configuration */ = {
			isa = PBXGroup;
			children = (
				5BF8223424C9347B005E6EF1 /* DataService.swift */,
				5BF8224B24C936F6005E6EF1 /* BaseDataService.swift */,
			);
			path = Configuration;
			sourceTree = "<group>";
		};
/* End PBXGroup section */

/* Begin PBXNativeTarget section */
		5B968F5924A053620020AB5D /* life tracking */ = {
			isa = PBXNativeTarget;
			buildConfigurationList = 5B968F8424A053690020AB5D /* Build configuration list for PBXNativeTarget "life tracking" */;
			buildPhases = (
				5B968F5624A053620020AB5D /* Sources */,
				5B968F5724A053620020AB5D /* Frameworks */,
				5B968F5824A053620020AB5D /* Resources */,
			);
			buildRules = (
			);
			dependencies = (
			);
			name = "life tracking";
			packageProductDependencies = (
				5B6AAAC124C1E2730044739D /* Lottie */,
			);
			productName = "life tracking";
			productReference = 5B968F5A24A053620020AB5D /* life tracking.app */;
			productType = "com.apple.product-type.application";
		};
		5B968F6F24A053680020AB5D /* life trackingTests */ = {
			isa = PBXNativeTarget;
			buildConfigurationList = 5B968F8724A053690020AB5D /* Build configuration list for PBXNativeTarget "life trackingTests" */;
			buildPhases = (
				5B968F6C24A053680020AB5D /* Sources */,
				5B968F6D24A053680020AB5D /* Frameworks */,
				5B968F6E24A053680020AB5D /* Resources */,
			);
			buildRules = (
			);
			dependencies = (
				5B968F7224A053680020AB5D /* PBXTargetDependency */,
			);
			name = "life trackingTests";
			productName = "life trackingTests";
			productReference = 5B968F7024A053680020AB5D /* life trackingTests.xctest */;
			productType = "com.apple.product-type.bundle.unit-test";
		};
		5B968F7A24A053690020AB5D /* life trackingUITests */ = {
			isa = PBXNativeTarget;
			buildConfigurationList = 5B968F8A24A053690020AB5D /* Build configuration list for PBXNativeTarget "life trackingUITests" */;
			buildPhases = (
				5B968F7724A053690020AB5D /* Sources */,
				5B968F7824A053690020AB5D /* Frameworks */,
				5B968F7924A053690020AB5D /* Resources */,
			);
			buildRules = (
			);
			dependencies = (
				5B968F7D24A053690020AB5D /* PBXTargetDependency */,
			);
			name = "life trackingUITests";
			productName = "life trackingUITests";
			productReference = 5B968F7B24A053690020AB5D /* life trackingUITests.xctest */;
			productType = "com.apple.product-type.bundle.ui-testing";
		};
/* End PBXNativeTarget section */

/* Begin PBXProject section */
		5B968F5224A053620020AB5D /* Project object */ = {
			isa = PBXProject;
			attributes = {
				LastSwiftUpdateCheck = 1150;
				LastUpgradeCheck = 1150;
				ORGANIZATIONNAME = "Rodrigo Santos";
				TargetAttributes = {
					5B968F5924A053620020AB5D = {
						CreatedOnToolsVersion = 11.5;
					};
					5B968F6F24A053680020AB5D = {
						CreatedOnToolsVersion = 11.5;
						TestTargetID = 5B968F5924A053620020AB5D;
					};
					5B968F7A24A053690020AB5D = {
						CreatedOnToolsVersion = 11.5;
						TestTargetID = 5B968F5924A053620020AB5D;
					};
				};
			};
			buildConfigurationList = 5B968F5524A053620020AB5D /* Build configuration list for PBXProject "life tracking" */;
			compatibilityVersion = "Xcode 9.3";
			developmentRegion = en;
			hasScannedForEncodings = 0;
			knownRegions = (
				en,
				Base,
			);
			mainGroup = 5B968F5124A053620020AB5D;
			packageReferences = (
				5B6AAAC024C1E2730044739D /* XCRemoteSwiftPackageReference "lottie-ios" */,
			);
			productRefGroup = 5B968F5B24A053620020AB5D /* Products */;
			projectDirPath = "";
			projectRoot = "";
			targets = (
				5B968F5924A053620020AB5D /* life tracking */,
				5B968F6F24A053680020AB5D /* life trackingTests */,
				5B968F7A24A053690020AB5D /* life trackingUITests */,
			);
		};
/* End PBXProject section */

/* Begin PBXResourcesBuildPhase section */
		5B968F5824A053620020AB5D /* Resources */ = {
			isa = PBXResourcesBuildPhase;
			buildActionMask = 2147483647;
			files = (
				5B645FFD24C5F68300D40576 /* brazilHigh.svg in Resources */,
				5B968F6A24A053680020AB5D /* LaunchScreen.storyboard in Resources */,
				5B968F6724A053680020AB5D /* Preview Assets.xcassets in Resources */,
				5B968F6424A053680020AB5D /* Assets.xcassets in Resources */,
				5B77BA9824CBCDE700CD9C85 /* loading.json in Resources */,
				5B77BA9924CBCDE700CD9C85 /* success.json in Resources */,
			);
			runOnlyForDeploymentPostprocessing = 0;
		};
		5B968F6E24A053680020AB5D /* Resources */ = {
			isa = PBXResourcesBuildPhase;
			buildActionMask = 2147483647;
			files = (
			);
			runOnlyForDeploymentPostprocessing = 0;
		};
		5B968F7924A053690020AB5D /* Resources */ = {
			isa = PBXResourcesBuildPhase;
			buildActionMask = 2147483647;
			files = (
			);
			runOnlyForDeploymentPostprocessing = 0;
		};
/* End PBXResourcesBuildPhase section */

/* Begin PBXSourcesBuildPhase section */
		5B968F5624A053620020AB5D /* Sources */ = {
			isa = PBXSourcesBuildPhase;
			buildActionMask = 2147483647;
			files = (
				5B968F5E24A053620020AB5D /* AppDelegate.swift in Sources */,
				5BF8224524C9360A005E6EF1 /* Extensions.swift in Sources */,
				5B6AAABF24C1E1F50044739D /* LottieRepresentable.swift in Sources */,
				5B968F6024A053620020AB5D /* SceneDelegate.swift in Sources */,
				5BF8223724C9348C005E6EF1 /* Region.swift in Sources */,
				5BE4FE0E24A14DE6001EB4D3 /* AvatarComponent.swift in Sources */,
				5B3DA15924A833FE0010A54D /* MapRepresentable.swift in Sources */,
				5BA8609E24CCFBFF0072334F /* CitiesNetworking.swift in Sources */,
				5BF8223524C9347B005E6EF1 /* DataService.swift in Sources */,
				5B968F6224A053620020AB5D /* ContentView.swift in Sources */,
				5B65F69024AEA62B0049BA64 /* OnboardingThree.swift in Sources */,
				5B37B8CA24B6CEED00E3E619 /* KeyboardGuardian.swift in Sources */,
				5BF8224F24C93745005E6EF1 /* BingDataService.swift in Sources */,
				5B63EAD224B3E98400EB421A /* SegmentedProgressView.swift in Sources */,
				5BE4FE0A24A0F89B001EB4D3 /* HomeView.swift in Sources */,
				5B99A91E24C9EDBB00987E07 /* PlaceLocation.swift in Sources */,
				5BA8608F24CC89E90072334F /* HeaderView.swift in Sources */,
				5B6AAABD24C1E1A70044739D /* SuccessView.swift in Sources */,
				5B99A92124C9EE3500987E07 /* PlaceLocationAuth.swift in Sources */,
				5B37B8C824B69BE500E3E619 /* CustomTextField.swift in Sources */,
				5BA8608D24CC89B70072334F /* HomeBottomView.swift in Sources */,
				5B645FF924C5CC2500D40576 /* BarCharts.swift in Sources */,
				5BE16C6A24B0135400E7CEB7 /* ViewRouter.swift in Sources */,
				5BF8224724C93628005E6EF1 /* ISO-Country.swift in Sources */,
				5B62BE6E24C5063E00A7B416 /* CovidNetworking.swift in Sources */,
				5B5415A724C1FC4B00C01816 /* Person.swift in Sources */,
				5B62BE6A24C4D98000A7B416 /* Covid.swift in Sources */,
				5B3DA15424A829590010A54D /* BlurRepresentable.swift in Sources */,
				5B36726524B39DAC00FD3FCA /* HomeBottomSheet.swift in Sources */,
				5BF8223B24C934E6005E6EF1 /* TimeSeries.swift in Sources */,
				5B37B8C324B6534800E3E619 /* HeaderComponent.swift in Sources */,
				5B710BBA24B795DE001BDA8B /* PersonStore.swift in Sources */,
				5BF8223F24C93539005E6EF1 /* Change.swift in Sources */,
				5B6AAABC24C1E1A70044739D /* LoadingView.swift in Sources */,
				5B99106F24C13EAB00302834 /* LocationManager.swift in Sources */,
				5B37B8C624B69ACC00E3E619 /* AdaptsToSoftwareKeyboard.swift in Sources */,
				5B36726324B26A4E00FD3FCA /* BottomSheetView.swift in Sources */,
				5B5415A924C2883F00C01816 /* PersonNetworking.swift in Sources */,
				5B65F68C24AE34F00049BA64 /* OnboardingOne.swift in Sources */,
				5B99A92424C9F10200987E07 /* PlaceLocationNetworking.swift in Sources */,
				5BF8224324C935D0005E6EF1 /* Report.swift in Sources */,
				5B968F9C24A0E8CC0020AB5D /* OnboardingView.swift in Sources */,
				5B63EAD024B3E90300EB421A /* CreateUser.swift in Sources */,
				5B36726024B25F0800FD3FCA /* RingView.swift in Sources */,
				5B62BE6C24C4DBDC00A7B416 /* CovidStore.swift in Sources */,
				5BF8223924C934BE005E6EF1 /* Coordinate.swift in Sources */,
				5B65F69224AEC4040049BA64 /* RoundedCorners.swift in Sources */,
				5BF8223D24C93506005E6EF1 /* Statistic.swift in Sources */,
				5BF8224C24C936F6005E6EF1 /* BaseDataService.swift in Sources */,
				5B77BA9C24CBE47700CD9C85 /* Health.swift in Sources */,
				5B8AAC7024CB522E00AACC32 /* HomeView+Extension.swift in Sources */,
				5B8182FF24C1159D00E0CE4C /* ImageHeaderView.swift in Sources */,
				5B81830124C115CC00E0CE4C /* AdaptativeTextField.swift in Sources */,
				5BB6D95924A826E0009F2744 /* CardComponent.swift in Sources */,
				5B710BBC24B822D1001BDA8B /* CreateUser+Extension.swift in Sources */,
				5B8182F924C1112300E0CE4C /* AskAboutGenre.swift in Sources */,
				5B8182FB24C1154100E0CE4C /* AskAboutLocation.swift in Sources */,
				5BF8224124C93594005E6EF1 /* Strings.swift in Sources */,
				5BA860A024CCFD090072334F /* CityStore.swift in Sources */,
				5B968F9624A0E1A70020AB5D /* ButtonCustomize.swift in Sources */,
				5B62BE6624C4A8F700A7B416 /* JsonDecoder.swift in Sources */,
				5BE4FE0C24A14DAB001EB4D3 /* SearchComponent.swift in Sources */,
				5B77BA9F24CBE8C600CD9C85 /* HealthNetworking.swift in Sources */,
				5B65F68E24AEA4DA0049BA64 /* OnboardingTwo.swift in Sources */,
				5BA8609B24CCFB830072334F /* City.swift in Sources */,
				5B8182FD24C1157D00E0CE4C /* ContinueButton.swift in Sources */,
			);
			runOnlyForDeploymentPostprocessing = 0;
		};
		5B968F6C24A053680020AB5D /* Sources */ = {
			isa = PBXSourcesBuildPhase;
			buildActionMask = 2147483647;
			files = (
				5B968F7524A053680020AB5D /* life_trackingTests.swift in Sources */,
			);
			runOnlyForDeploymentPostprocessing = 0;
		};
		5B968F7724A053690020AB5D /* Sources */ = {
			isa = PBXSourcesBuildPhase;
			buildActionMask = 2147483647;
			files = (
				5B968F8024A053690020AB5D /* life_trackingUITests.swift in Sources */,
			);
			runOnlyForDeploymentPostprocessing = 0;
		};
/* End PBXSourcesBuildPhase section */

/* Begin PBXTargetDependency section */
		5B968F7224A053680020AB5D /* PBXTargetDependency */ = {
			isa = PBXTargetDependency;
			target = 5B968F5924A053620020AB5D /* life tracking */;
			targetProxy = 5B968F7124A053680020AB5D /* PBXContainerItemProxy */;
		};
		5B968F7D24A053690020AB5D /* PBXTargetDependency */ = {
			isa = PBXTargetDependency;
			target = 5B968F5924A053620020AB5D /* life tracking */;
			targetProxy = 5B968F7C24A053690020AB5D /* PBXContainerItemProxy */;
		};
/* End PBXTargetDependency section */

/* Begin PBXVariantGroup section */
		5B968F6824A053680020AB5D /* LaunchScreen.storyboard */ = {
			isa = PBXVariantGroup;
			children = (
				5B968F6924A053680020AB5D /* Base */,
			);
			name = LaunchScreen.storyboard;
			sourceTree = "<group>";
		};
/* End PBXVariantGroup section */

/* Begin XCBuildConfiguration section */
		5B968F8224A053690020AB5D /* Debug */ = {
			isa = XCBuildConfiguration;
			buildSettings = {
				ALWAYS_SEARCH_USER_PATHS = NO;
				CLANG_ANALYZER_NONNULL = YES;
				CLANG_ANALYZER_NUMBER_OBJECT_CONVERSION = YES_AGGRESSIVE;
				CLANG_CXX_LANGUAGE_STANDARD = "gnu++14";
				CLANG_CXX_LIBRARY = "libc++";
				CLANG_ENABLE_MODULES = YES;
				CLANG_ENABLE_OBJC_ARC = YES;
				CLANG_ENABLE_OBJC_WEAK = YES;
				CLANG_WARN_BLOCK_CAPTURE_AUTORELEASING = YES;
				CLANG_WARN_BOOL_CONVERSION = YES;
				CLANG_WARN_COMMA = YES;
				CLANG_WARN_CONSTANT_CONVERSION = YES;
				CLANG_WARN_DEPRECATED_OBJC_IMPLEMENTATIONS = YES;
				CLANG_WARN_DIRECT_OBJC_ISA_USAGE = YES_ERROR;
				CLANG_WARN_DOCUMENTATION_COMMENTS = YES;
				CLANG_WARN_EMPTY_BODY = YES;
				CLANG_WARN_ENUM_CONVERSION = YES;
				CLANG_WARN_INFINITE_RECURSION = YES;
				CLANG_WARN_INT_CONVERSION = YES;
				CLANG_WARN_NON_LITERAL_NULL_CONVERSION = YES;
				CLANG_WARN_OBJC_IMPLICIT_RETAIN_SELF = YES;
				CLANG_WARN_OBJC_LITERAL_CONVERSION = YES;
				CLANG_WARN_OBJC_ROOT_CLASS = YES_ERROR;
				CLANG_WARN_RANGE_LOOP_ANALYSIS = YES;
				CLANG_WARN_STRICT_PROTOTYPES = YES;
				CLANG_WARN_SUSPICIOUS_MOVE = YES;
				CLANG_WARN_UNGUARDED_AVAILABILITY = YES_AGGRESSIVE;
				CLANG_WARN_UNREACHABLE_CODE = YES;
				CLANG_WARN__DUPLICATE_METHOD_MATCH = YES;
				COPY_PHASE_STRIP = NO;
				DEBUG_INFORMATION_FORMAT = dwarf;
				ENABLE_STRICT_OBJC_MSGSEND = YES;
				ENABLE_TESTABILITY = YES;
				GCC_C_LANGUAGE_STANDARD = gnu11;
				GCC_DYNAMIC_NO_PIC = NO;
				GCC_NO_COMMON_BLOCKS = YES;
				GCC_OPTIMIZATION_LEVEL = 0;
				GCC_PREPROCESSOR_DEFINITIONS = (
					"DEBUG=1",
					"$(inherited)",
				);
				GCC_WARN_64_TO_32_BIT_CONVERSION = YES;
				GCC_WARN_ABOUT_RETURN_TYPE = YES_ERROR;
				GCC_WARN_UNDECLARED_SELECTOR = YES;
				GCC_WARN_UNINITIALIZED_AUTOS = YES_AGGRESSIVE;
				GCC_WARN_UNUSED_FUNCTION = YES;
				GCC_WARN_UNUSED_VARIABLE = YES;
				IPHONEOS_DEPLOYMENT_TARGET = 13.5;
				MTL_ENABLE_DEBUG_INFO = INCLUDE_SOURCE;
				MTL_FAST_MATH = YES;
				ONLY_ACTIVE_ARCH = YES;
				SDKROOT = iphoneos;
				SWIFT_ACTIVE_COMPILATION_CONDITIONS = DEBUG;
				SWIFT_OPTIMIZATION_LEVEL = "-Onone";
			};
			name = Debug;
		};
		5B968F8324A053690020AB5D /* Release */ = {
			isa = XCBuildConfiguration;
			buildSettings = {
				ALWAYS_SEARCH_USER_PATHS = NO;
				CLANG_ANALYZER_NONNULL = YES;
				CLANG_ANALYZER_NUMBER_OBJECT_CONVERSION = YES_AGGRESSIVE;
				CLANG_CXX_LANGUAGE_STANDARD = "gnu++14";
				CLANG_CXX_LIBRARY = "libc++";
				CLANG_ENABLE_MODULES = YES;
				CLANG_ENABLE_OBJC_ARC = YES;
				CLANG_ENABLE_OBJC_WEAK = YES;
				CLANG_WARN_BLOCK_CAPTURE_AUTORELEASING = YES;
				CLANG_WARN_BOOL_CONVERSION = YES;
				CLANG_WARN_COMMA = YES;
				CLANG_WARN_CONSTANT_CONVERSION = YES;
				CLANG_WARN_DEPRECATED_OBJC_IMPLEMENTATIONS = YES;
				CLANG_WARN_DIRECT_OBJC_ISA_USAGE = YES_ERROR;
				CLANG_WARN_DOCUMENTATION_COMMENTS = YES;
				CLANG_WARN_EMPTY_BODY = YES;
				CLANG_WARN_ENUM_CONVERSION = YES;
				CLANG_WARN_INFINITE_RECURSION = YES;
				CLANG_WARN_INT_CONVERSION = YES;
				CLANG_WARN_NON_LITERAL_NULL_CONVERSION = YES;
				CLANG_WARN_OBJC_IMPLICIT_RETAIN_SELF = YES;
				CLANG_WARN_OBJC_LITERAL_CONVERSION = YES;
				CLANG_WARN_OBJC_ROOT_CLASS = YES_ERROR;
				CLANG_WARN_RANGE_LOOP_ANALYSIS = YES;
				CLANG_WARN_STRICT_PROTOTYPES = YES;
				CLANG_WARN_SUSPICIOUS_MOVE = YES;
				CLANG_WARN_UNGUARDED_AVAILABILITY = YES_AGGRESSIVE;
				CLANG_WARN_UNREACHABLE_CODE = YES;
				CLANG_WARN__DUPLICATE_METHOD_MATCH = YES;
				COPY_PHASE_STRIP = NO;
				DEBUG_INFORMATION_FORMAT = "dwarf-with-dsym";
				ENABLE_NS_ASSERTIONS = NO;
				ENABLE_STRICT_OBJC_MSGSEND = YES;
				GCC_C_LANGUAGE_STANDARD = gnu11;
				GCC_NO_COMMON_BLOCKS = YES;
				GCC_WARN_64_TO_32_BIT_CONVERSION = YES;
				GCC_WARN_ABOUT_RETURN_TYPE = YES_ERROR;
				GCC_WARN_UNDECLARED_SELECTOR = YES;
				GCC_WARN_UNINITIALIZED_AUTOS = YES_AGGRESSIVE;
				GCC_WARN_UNUSED_FUNCTION = YES;
				GCC_WARN_UNUSED_VARIABLE = YES;
				IPHONEOS_DEPLOYMENT_TARGET = 13.5;
				MTL_ENABLE_DEBUG_INFO = NO;
				MTL_FAST_MATH = YES;
				SDKROOT = iphoneos;
				SWIFT_COMPILATION_MODE = wholemodule;
				SWIFT_OPTIMIZATION_LEVEL = "-O";
				VALIDATE_PRODUCT = YES;
			};
			name = Release;
		};
		5B968F8524A053690020AB5D /* Debug */ = {
			isa = XCBuildConfiguration;
			buildSettings = {
				ASSETCATALOG_COMPILER_APPICON_NAME = AppIcon;
				CODE_SIGN_STYLE = Automatic;
				DEVELOPMENT_ASSET_PATHS = "\"life tracking/Preview Content\"";
				DEVELOPMENT_TEAM = Z42V6W967K;
				ENABLE_PREVIEWS = YES;
				INFOPLIST_FILE = "life tracking/Info.plist";
				LD_RUNPATH_SEARCH_PATHS = (
					"$(inherited)",
					"@executable_path/Frameworks",
				);
				PRODUCT_BUNDLE_IDENTIFIER = "com.rodrigo.life-tracking";
				PRODUCT_NAME = "$(TARGET_NAME)";
				SWIFT_VERSION = 5.0;
				TARGETED_DEVICE_FAMILY = "1,2";
			};
			name = Debug;
		};
		5B968F8624A053690020AB5D /* Release */ = {
			isa = XCBuildConfiguration;
			buildSettings = {
				ASSETCATALOG_COMPILER_APPICON_NAME = AppIcon;
				CODE_SIGN_STYLE = Automatic;
				DEVELOPMENT_ASSET_PATHS = "\"life tracking/Preview Content\"";
				DEVELOPMENT_TEAM = Z42V6W967K;
				ENABLE_PREVIEWS = YES;
				INFOPLIST_FILE = "life tracking/Info.plist";
				LD_RUNPATH_SEARCH_PATHS = (
					"$(inherited)",
					"@executable_path/Frameworks",
				);
				PRODUCT_BUNDLE_IDENTIFIER = "com.rodrigo.life-tracking";
				PRODUCT_NAME = "$(TARGET_NAME)";
				SWIFT_VERSION = 5.0;
				TARGETED_DEVICE_FAMILY = "1,2";
			};
			name = Release;
		};
		5B968F8824A053690020AB5D /* Debug */ = {
			isa = XCBuildConfiguration;
			buildSettings = {
				ALWAYS_EMBED_SWIFT_STANDARD_LIBRARIES = YES;
				BUNDLE_LOADER = "$(TEST_HOST)";
				CODE_SIGN_STYLE = Automatic;
				DEVELOPMENT_TEAM = Z42V6W967K;
				INFOPLIST_FILE = "life trackingTests/Info.plist";
				IPHONEOS_DEPLOYMENT_TARGET = 13.5;
				LD_RUNPATH_SEARCH_PATHS = (
					"$(inherited)",
					"@executable_path/Frameworks",
					"@loader_path/Frameworks",
				);
				PRODUCT_BUNDLE_IDENTIFIER = "com.rodrigo.life-trackingTests";
				PRODUCT_NAME = "$(TARGET_NAME)";
				SWIFT_VERSION = 5.0;
				TARGETED_DEVICE_FAMILY = "1,2";
				TEST_HOST = "$(BUILT_PRODUCTS_DIR)/life tracking.app/life tracking";
			};
			name = Debug;
		};
		5B968F8924A053690020AB5D /* Release */ = {
			isa = XCBuildConfiguration;
			buildSettings = {
				ALWAYS_EMBED_SWIFT_STANDARD_LIBRARIES = YES;
				BUNDLE_LOADER = "$(TEST_HOST)";
				CODE_SIGN_STYLE = Automatic;
				DEVELOPMENT_TEAM = Z42V6W967K;
				INFOPLIST_FILE = "life trackingTests/Info.plist";
				IPHONEOS_DEPLOYMENT_TARGET = 13.5;
				LD_RUNPATH_SEARCH_PATHS = (
					"$(inherited)",
					"@executable_path/Frameworks",
					"@loader_path/Frameworks",
				);
				PRODUCT_BUNDLE_IDENTIFIER = "com.rodrigo.life-trackingTests";
				PRODUCT_NAME = "$(TARGET_NAME)";
				SWIFT_VERSION = 5.0;
				TARGETED_DEVICE_FAMILY = "1,2";
				TEST_HOST = "$(BUILT_PRODUCTS_DIR)/life tracking.app/life tracking";
			};
			name = Release;
		};
		5B968F8B24A053690020AB5D /* Debug */ = {
			isa = XCBuildConfiguration;
			buildSettings = {
				ALWAYS_EMBED_SWIFT_STANDARD_LIBRARIES = YES;
				CODE_SIGN_STYLE = Automatic;
				DEVELOPMENT_TEAM = Z42V6W967K;
				INFOPLIST_FILE = "life trackingUITests/Info.plist";
				LD_RUNPATH_SEARCH_PATHS = (
					"$(inherited)",
					"@executable_path/Frameworks",
					"@loader_path/Frameworks",
				);
				PRODUCT_BUNDLE_IDENTIFIER = "com.rodrigo.life-trackingUITests";
				PRODUCT_NAME = "$(TARGET_NAME)";
				SWIFT_VERSION = 5.0;
				TARGETED_DEVICE_FAMILY = "1,2";
				TEST_TARGET_NAME = "life tracking";
			};
			name = Debug;
		};
		5B968F8C24A053690020AB5D /* Release */ = {
			isa = XCBuildConfiguration;
			buildSettings = {
				ALWAYS_EMBED_SWIFT_STANDARD_LIBRARIES = YES;
				CODE_SIGN_STYLE = Automatic;
				DEVELOPMENT_TEAM = Z42V6W967K;
				INFOPLIST_FILE = "life trackingUITests/Info.plist";
				LD_RUNPATH_SEARCH_PATHS = (
					"$(inherited)",
					"@executable_path/Frameworks",
					"@loader_path/Frameworks",
				);
				PRODUCT_BUNDLE_IDENTIFIER = "com.rodrigo.life-trackingUITests";
				PRODUCT_NAME = "$(TARGET_NAME)";
				SWIFT_VERSION = 5.0;
				TARGETED_DEVICE_FAMILY = "1,2";
				TEST_TARGET_NAME = "life tracking";
			};
			name = Release;
		};
/* End XCBuildConfiguration section */

/* Begin XCConfigurationList section */
		5B968F5524A053620020AB5D /* Build configuration list for PBXProject "life tracking" */ = {
			isa = XCConfigurationList;
			buildConfigurations = (
				5B968F8224A053690020AB5D /* Debug */,
				5B968F8324A053690020AB5D /* Release */,
			);
			defaultConfigurationIsVisible = 0;
			defaultConfigurationName = Release;
		};
		5B968F8424A053690020AB5D /* Build configuration list for PBXNativeTarget "life tracking" */ = {
			isa = XCConfigurationList;
			buildConfigurations = (
				5B968F8524A053690020AB5D /* Debug */,
				5B968F8624A053690020AB5D /* Release */,
			);
			defaultConfigurationIsVisible = 0;
			defaultConfigurationName = Release;
		};
		5B968F8724A053690020AB5D /* Build configuration list for PBXNativeTarget "life trackingTests" */ = {
			isa = XCConfigurationList;
			buildConfigurations = (
				5B968F8824A053690020AB5D /* Debug */,
				5B968F8924A053690020AB5D /* Release */,
			);
			defaultConfigurationIsVisible = 0;
			defaultConfigurationName = Release;
		};
		5B968F8A24A053690020AB5D /* Build configuration list for PBXNativeTarget "life trackingUITests" */ = {
			isa = XCConfigurationList;
			buildConfigurations = (
				5B968F8B24A053690020AB5D /* Debug */,
				5B968F8C24A053690020AB5D /* Release */,
			);
			defaultConfigurationIsVisible = 0;
			defaultConfigurationName = Release;
		};
/* End XCConfigurationList section */

/* Begin XCRemoteSwiftPackageReference section */
		5B6AAAC024C1E2730044739D /* XCRemoteSwiftPackageReference "lottie-ios" */ = {
			isa = XCRemoteSwiftPackageReference;
			repositoryURL = "https://github.com/airbnb/lottie-ios.git";
			requirement = {
				kind = upToNextMajorVersion;
				minimumVersion = 3.1.8;
			};
		};
/* End XCRemoteSwiftPackageReference section */

/* Begin XCSwiftPackageProductDependency section */
		5B6AAAC124C1E2730044739D /* Lottie */ = {
			isa = XCSwiftPackageProductDependency;
			package = 5B6AAAC024C1E2730044739D /* XCRemoteSwiftPackageReference "lottie-ios" */;
			productName = Lottie;
		};
/* End XCSwiftPackageProductDependency section */
	};
	rootObject = 5B968F5224A053620020AB5D /* Project object */;
}
